
Microsoft Visual Studio Solution File, Format Version 12.00
# Visual Studio Version 16
VisualStudioVersion = 16.0.30503.244
MinimumVisualStudioVersion = 10.0.40219.1
Project("{9A19103F-16F7-4668-BE54-9A1E7A4F7556}") = "Server", "Server\Server.csproj", "{50BD114B-DAED-4434-B84C-6B3344A2A14B}"
EndProject
Project("{9A19103F-16F7-4668-BE54-9A1E7A4F7556}") = "Client", "Client\Client.csproj", "{B1110A0C-B920-469D-A46F-CA9BC6246E24}"
EndProject
Project("{D954291E-2A0B-460D-934E-DC6B0785DB48}") = "Common", "Common\Common.shproj", "{382069E3-6ADD-4847-A418-156B37BF08A8}"
EndProject
Project("{9A19103F-16F7-4668-BE54-9A1E7A4F7556}") = "ClientXUnitTests", "XUnitTests\ClientXUnitTests.csproj", "{D70BFFC8-8BB8-4846-826D-1F87DCEBB81F}"
EndProject
Project("{FAE04EC0-301F-11D3-BF4B-00C04F79EFBC}") = "ServerXUnitTests", "ServerXUnitTests\ServerXUnitTests.csproj", "{AA46B56D-D252-49F7-A606-7D620E4BACDA}"
EndProject
Global
	GlobalSection(SharedMSBuildProjectFiles) = preSolution
		Common\Common.projitems*{382069e3-6add-4847-a418-156b37bf08a8}*SharedItemsImports = 13
		Common\Common.projitems*{50bd114b-daed-4434-b84c-6b3344a2a14b}*SharedItemsImports = 5
		Common\Common.projitems*{b1110a0c-b920-469d-a46f-ca9bc6246e24}*SharedItemsImports = 5
	EndGlobalSection
	GlobalSection(SolutionConfigurationPlatforms) = preSolution
		Debug|Any CPU = Debug|Any CPU
		Release|Any CPU = Release|Any CPU
	EndGlobalSection
	GlobalSection(ProjectConfigurationPlatforms) = postSolution
		{50BD114B-DAED-4434-B84C-6B3344A2A14B}.Debug|Any CPU.ActiveCfg = Debug|Any CPU
		{50BD114B-DAED-4434-B84C-6B3344A2A14B}.Debug|Any CPU.Build.0 = Debug|Any CPU
		{50BD114B-DAED-4434-B84C-6B3344A2A14B}.Release|Any CPU.ActiveCfg = Release|Any CPU
		{50BD114B-DAED-4434-B84C-6B3344A2A14B}.Release|Any CPU.Build.0 = Release|Any CPU
		{B1110A0C-B920-469D-A46F-CA9BC6246E24}.Debug|Any CPU.ActiveCfg = Debug|Any CPU
		{B1110A0C-B920-469D-A46F-CA9BC6246E24}.Debug|Any CPU.Build.0 = Debug|Any CPU
		{B1110A0C-B920-469D-A46F-CA9BC6246E24}.Release|Any CPU.ActiveCfg = Release|Any CPU
		{B1110A0C-B920-469D-A46F-CA9BC6246E24}.Release|Any CPU.Build.0 = Release|Any CPU
		{D70BFFC8-8BB8-4846-826D-1F87DCEBB81F}.Debug|Any CPU.ActiveCfg = Debug|Any CPU
		{D70BFFC8-8BB8-4846-826D-1F87DCEBB81F}.Debug|Any CPU.Build.0 = Debug|Any CPU
		{D70BFFC8-8BB8-4846-826D-1F87DCEBB81F}.Release|Any CPU.ActiveCfg = Release|Any CPU
		{D70BFFC8-8BB8-4846-826D-1F87DCEBB81F}.Release|Any CPU.Build.0 = Release|Any CPU
		{AA46B56D-D252-49F7-A606-7D620E4BACDA}.Debug|Any CPU.ActiveCfg = Debug|Any CPU
		{AA46B56D-D252-49F7-A606-7D620E4BACDA}.Debug|Any CPU.Build.0 = Debug|Any CPU
		{AA46B56D-D252-49F7-A606-7D620E4BACDA}.Release|Any CPU.ActiveCfg = Release|Any CPU
		{AA46B56D-D252-49F7-A606-7D620E4BACDA}.Release|Any CPU.Build.0 = Release|Any CPU
	EndGlobalSection
	GlobalSection(SolutionProperties) = preSolution
		HideSolutionNode = FALSE
	EndGlobalSection
	GlobalSection(ExtensibilityGlobals) = postSolution
		SolutionGuid = {E0D32F0F-0D8F-4470-A8E2-B35608D864E2}
	EndGlobalSection
EndGlobal
